// !$*UTF8*$!
{
	archiveVersion = 1;
	classes = {
	};
	objectVersion = 56;
	objects = {

/* Begin PBXBuildFile section */
		59373A7A29783077002D15F5 /* CryptoAppApp.swift in Sources */ = {isa = PBXBuildFile; fileRef = 59373A7929783077002D15F5 /* CryptoAppApp.swift */; };
		59373A7C29783077002D15F5 /* ContentView.swift in Sources */ = {isa = PBXBuildFile; fileRef = 59373A7B29783077002D15F5 /* ContentView.swift */; };
		59373A8129783078002D15F5 /* Preview Assets.xcassets in Resources */ = {isa = PBXBuildFile; fileRef = 59373A8029783078002D15F5 /* Preview Assets.xcassets */; };
		59373A882978323B002D15F5 /* Assets.xcassets in Resources */ = {isa = PBXBuildFile; fileRef = 59373A872978323B002D15F5 /* Assets.xcassets */; };
		59373A8B29783287002D15F5 /* Color.swift in Sources */ = {isa = PBXBuildFile; fileRef = 59373A8A29783287002D15F5 /* Color.swift */; };
		59373A9329783628002D15F5 /* HomeView.swift in Sources */ = {isa = PBXBuildFile; fileRef = 59373A9229783628002D15F5 /* HomeView.swift */; };
		59373A9929783859002D15F5 /* CircleButtonView.swift in Sources */ = {isa = PBXBuildFile; fileRef = 59373A9829783859002D15F5 /* CircleButtonView.swift */; };
		59373A9B29783D80002D15F5 /* CircleButtonAnimationView.swift in Sources */ = {isa = PBXBuildFile; fileRef = 59373A9A29783D80002D15F5 /* CircleButtonAnimationView.swift */; };
		59373A9E297841BA002D15F5 /* HomeHeader.swift in Sources */ = {isa = PBXBuildFile; fileRef = 59373A9D297841BA002D15F5 /* HomeHeader.swift */; };
		59373AA3297846A6002D15F5 /* CoinModel.swift in Sources */ = {isa = PBXBuildFile; fileRef = 59373AA2297846A6002D15F5 /* CoinModel.swift */; };
		59373AA729784B91002D15F5 /* CoinRowView.swift in Sources */ = {isa = PBXBuildFile; fileRef = 59373AA629784B91002D15F5 /* CoinRowView.swift */; };
		59373AA929784BF8002D15F5 /* PreviewProvider.swift in Sources */ = {isa = PBXBuildFile; fileRef = 59373AA829784BF8002D15F5 /* PreviewProvider.swift */; };
		59373AAD29785202002D15F5 /* Double.swift in Sources */ = {isa = PBXBuildFile; fileRef = 59373AAC29785202002D15F5 /* Double.swift */; };
		59373AB029797737002D15F5 /* CoinElements.swift in Sources */ = {isa = PBXBuildFile; fileRef = 59373AAF29797737002D15F5 /* CoinElements.swift */; };
		59373AB229797DC7002D15F5 /* HomeViewModel.swift in Sources */ = {isa = PBXBuildFile; fileRef = 59373AB129797DC7002D15F5 /* HomeViewModel.swift */; };
		59373AB629799911002D15F5 /* CoinServices.swift in Sources */ = {isa = PBXBuildFile; fileRef = 59373AB529799911002D15F5 /* CoinServices.swift */; };
		59373AB9297A0874002D15F5 /* CoinImageView.swift in Sources */ = {isa = PBXBuildFile; fileRef = 59373AB8297A0874002D15F5 /* CoinImageView.swift */; };
		59373ABB297A0CD3002D15F5 /* CoinImageService.swift in Sources */ = {isa = PBXBuildFile; fileRef = 59373ABA297A0CD3002D15F5 /* CoinImageService.swift */; };
		596D5101297ACFC200E4BB4A /* NetworkingManager.swift in Sources */ = {isa = PBXBuildFile; fileRef = 596D5100297ACFC200E4BB4A /* NetworkingManager.swift */; };
		596D5103297B980D00E4BB4A /* CoinImageViewModel.swift in Sources */ = {isa = PBXBuildFile; fileRef = 596D5102297B980D00E4BB4A /* CoinImageViewModel.swift */; };
		596D5105297C2EAD00E4BB4A /* LocalFileManager.swift in Sources */ = {isa = PBXBuildFile; fileRef = 596D5104297C2EAD00E4BB4A /* LocalFileManager.swift */; };
		596D5108297C511300E4BB4A /* SearchBarView.swift in Sources */ = {isa = PBXBuildFile; fileRef = 596D5107297C511300E4BB4A /* SearchBarView.swift */; };
		596D510A297C5DB400E4BB4A /* UIApllication.swift in Sources */ = {isa = PBXBuildFile; fileRef = 596D5109297C5DB400E4BB4A /* UIApllication.swift */; };
/* End PBXBuildFile section */

/* Begin PBXFileReference section */
		59373A7629783077002D15F5 /* CryptoApp.app */ = {isa = PBXFileReference; explicitFileType = wrapper.application; includeInIndex = 0; path = CryptoApp.app; sourceTree = BUILT_PRODUCTS_DIR; };
		59373A7929783077002D15F5 /* CryptoAppApp.swift */ = {isa = PBXFileReference; lastKnownFileType = sourcecode.swift; path = CryptoAppApp.swift; sourceTree = "<group>"; };
		59373A7B29783077002D15F5 /* ContentView.swift */ = {isa = PBXFileReference; lastKnownFileType = sourcecode.swift; path = ContentView.swift; sourceTree = "<group>"; };
		59373A8029783078002D15F5 /* Preview Assets.xcassets */ = {isa = PBXFileReference; lastKnownFileType = folder.assetcatalog; path = "Preview Assets.xcassets"; sourceTree = "<group>"; };
		59373A872978323B002D15F5 /* Assets.xcassets */ = {isa = PBXFileReference; lastKnownFileType = folder.assetcatalog; name = Assets.xcassets; path = ../../Resources/Assets.xcassets; sourceTree = "<group>"; };
		59373A8A29783287002D15F5 /* Color.swift */ = {isa = PBXFileReference; lastKnownFileType = sourcecode.swift; path = Color.swift; sourceTree = "<group>"; };
		59373A9229783628002D15F5 /* HomeView.swift */ = {isa = PBXFileReference; lastKnownFileType = sourcecode.swift; path = HomeView.swift; sourceTree = "<group>"; };
		59373A9829783859002D15F5 /* CircleButtonView.swift */ = {isa = PBXFileReference; lastKnownFileType = sourcecode.swift; path = CircleButtonView.swift; sourceTree = "<group>"; };
		59373A9A29783D80002D15F5 /* CircleButtonAnimationView.swift */ = {isa = PBXFileReference; lastKnownFileType = sourcecode.swift; path = CircleButtonAnimationView.swift; sourceTree = "<group>"; };
		59373A9D297841BA002D15F5 /* HomeHeader.swift */ = {isa = PBXFileReference; lastKnownFileType = sourcecode.swift; path = HomeHeader.swift; sourceTree = "<group>"; };
		59373AA2297846A6002D15F5 /* CoinModel.swift */ = {isa = PBXFileReference; fileEncoding = 4; lastKnownFileType = sourcecode.swift; path = CoinModel.swift; sourceTree = "<group>"; };
		59373AA629784B91002D15F5 /* CoinRowView.swift */ = {isa = PBXFileReference; lastKnownFileType = sourcecode.swift; path = CoinRowView.swift; sourceTree = "<group>"; };
		59373AA829784BF8002D15F5 /* PreviewProvider.swift */ = {isa = PBXFileReference; fileEncoding = 4; lastKnownFileType = sourcecode.swift; path = PreviewProvider.swift; sourceTree = "<group>"; };
		59373AAC29785202002D15F5 /* Double.swift */ = {isa = PBXFileReference; lastKnownFileType = sourcecode.swift; path = Double.swift; sourceTree = "<group>"; };
		59373AAF29797737002D15F5 /* CoinElements.swift */ = {isa = PBXFileReference; lastKnownFileType = sourcecode.swift; path = CoinElements.swift; sourceTree = "<group>"; };
		59373AB129797DC7002D15F5 /* HomeViewModel.swift */ = {isa = PBXFileReference; lastKnownFileType = sourcecode.swift; path = HomeViewModel.swift; sourceTree = "<group>"; };
		59373AB529799911002D15F5 /* CoinServices.swift */ = {isa = PBXFileReference; lastKnownFileType = sourcecode.swift; path = CoinServices.swift; sourceTree = "<group>"; };
		59373AB8297A0874002D15F5 /* CoinImageView.swift */ = {isa = PBXFileReference; lastKnownFileType = sourcecode.swift; path = CoinImageView.swift; sourceTree = "<group>"; };
		59373ABA297A0CD3002D15F5 /* CoinImageService.swift */ = {isa = PBXFileReference; lastKnownFileType = sourcecode.swift; path = CoinImageService.swift; sourceTree = "<group>"; };
		596D5100297ACFC200E4BB4A /* NetworkingManager.swift */ = {isa = PBXFileReference; lastKnownFileType = sourcecode.swift; path = NetworkingManager.swift; sourceTree = "<group>"; };
		596D5102297B980D00E4BB4A /* CoinImageViewModel.swift */ = {isa = PBXFileReference; lastKnownFileType = sourcecode.swift; path = CoinImageViewModel.swift; sourceTree = "<group>"; };
		596D5104297C2EAD00E4BB4A /* LocalFileManager.swift */ = {isa = PBXFileReference; lastKnownFileType = sourcecode.swift; path = LocalFileManager.swift; sourceTree = "<group>"; };
		596D5107297C511300E4BB4A /* SearchBarView.swift */ = {isa = PBXFileReference; lastKnownFileType = sourcecode.swift; path = SearchBarView.swift; sourceTree = "<group>"; };
		596D5109297C5DB400E4BB4A /* UIApllication.swift */ = {isa = PBXFileReference; lastKnownFileType = sourcecode.swift; path = UIApllication.swift; sourceTree = "<group>"; };
/* End PBXFileReference section */

/* Begin PBXFrameworksBuildPhase section */
		59373A7329783077002D15F5 /* Frameworks */ = {
			isa = PBXFrameworksBuildPhase;
			buildActionMask = 2147483647;
			files = (
			);
			runOnlyForDeploymentPostprocessing = 0;
		};
/* End PBXFrameworksBuildPhase section */

/* Begin PBXGroup section */
		59373A6D29783077002D15F5 = {
			isa = PBXGroup;
			children = (
				59373A7829783077002D15F5 /* CryptoApp */,
				59373A7729783077002D15F5 /* Products */,
			);
			sourceTree = "<group>";
		};
		59373A7729783077002D15F5 /* Products */ = {
			isa = PBXGroup;
			children = (
				59373A7629783077002D15F5 /* CryptoApp.app */,
			);
			name = Products;
			sourceTree = "<group>";
		};
		59373A7829783077002D15F5 /* CryptoApp */ = {
			isa = PBXGroup;
			children = (
				59373A9F297842F4002D15F5 /* Model */,
				59373A8C297835F3002D15F5 /* Core */,
				59373AB4297998EF002D15F5 /* Services */,
				596D50FF297ACFA400E4BB4A /* Utilities */,
				59373A8929783276002D15F5 /* Extension */,
				59373A7929783077002D15F5 /* CryptoAppApp.swift */,
				59373A7B29783077002D15F5 /* ContentView.swift */,
				59373A872978323B002D15F5 /* Assets.xcassets */,
				59373A7F29783078002D15F5 /* Preview Content */,
			);
			path = CryptoApp;
			sourceTree = "<group>";
		};
		59373A7F29783078002D15F5 /* Preview Content */ = {
			isa = PBXGroup;
			children = (
				59373A8029783078002D15F5 /* Preview Assets.xcassets */,
			);
			path = "Preview Content";
			sourceTree = "<group>";
		};
		59373A8929783276002D15F5 /* Extension */ = {
			isa = PBXGroup;
			children = (
				59373A8A29783287002D15F5 /* Color.swift */,
				59373AA829784BF8002D15F5 /* PreviewProvider.swift */,
				59373AAC29785202002D15F5 /* Double.swift */,
				596D5109297C5DB400E4BB4A /* UIApllication.swift */,
			);
			path = Extension;
			sourceTree = "<group>";
		};
		59373A8C297835F3002D15F5 /* Core */ = {
			isa = PBXGroup;
			children = (
				59373A9429783830002D15F5 /* Components */,
				59373A8F29783604002D15F5 /* Home */,
			);
			path = Core;
			sourceTree = "<group>";
		};
		59373A8F29783604002D15F5 /* Home */ = {
			isa = PBXGroup;
			children = (
				59373A9C29784192002D15F5 /* HomeExtensions */,
				59373A9129783617002D15F5 /* ViewModels */,
				59373A9029783613002D15F5 /* Views */,
			);
			path = Home;
			sourceTree = "<group>";
		};
		59373A9029783613002D15F5 /* Views */ = {
			isa = PBXGroup;
			children = (
				59373A9229783628002D15F5 /* HomeView.swift */,
			);
			path = Views;
			sourceTree = "<group>";
		};
		59373A9129783617002D15F5 /* ViewModels */ = {
			isa = PBXGroup;
			children = (
				59373AB129797DC7002D15F5 /* HomeViewModel.swift */,
			);
			path = ViewModels;
			sourceTree = "<group>";
		};
		59373A9429783830002D15F5 /* Components */ = {
			isa = PBXGroup;
			children = (
				59373A972978384B002D15F5 /* CircleButton */,
			);
			path = Components;
			sourceTree = "<group>";
		};
		59373A972978384B002D15F5 /* CircleButton */ = {
			isa = PBXGroup;
			children = (
				59373A9829783859002D15F5 /* CircleButtonView.swift */,
				59373A9A29783D80002D15F5 /* CircleButtonAnimationView.swift */,
			);
			path = CircleButton;
			sourceTree = "<group>";
		};
		59373A9C29784192002D15F5 /* HomeExtensions */ = {
			isa = PBXGroup;
			children = (
				596D5106297C510200E4BB4A /* SearchBar */,
				59373AB7297A0861002D15F5 /* CoinImage */,
				59373AB3297998B0002D15F5 /* HomeHeader */,
				59373AAE29797722002D15F5 /* CoinRow */,
			);
			path = HomeExtensions;
			sourceTree = "<group>";
		};
		59373A9F297842F4002D15F5 /* Model */ = {
			isa = PBXGroup;
			children = (
				59373AA2297846A6002D15F5 /* CoinModel.swift */,
			);
			path = Model;
			sourceTree = "<group>";
		};
		59373AAE29797722002D15F5 /* CoinRow */ = {
			isa = PBXGroup;
			children = (
				59373AA629784B91002D15F5 /* CoinRowView.swift */,
				59373AAF29797737002D15F5 /* CoinElements.swift */,
			);
			path = CoinRow;
			sourceTree = "<group>";
		};
		59373AB3297998B0002D15F5 /* HomeHeader */ = {
			isa = PBXGroup;
			children = (
				59373A9D297841BA002D15F5 /* HomeHeader.swift */,
			);
			path = HomeHeader;
			sourceTree = "<group>";
		};
		59373AB4297998EF002D15F5 /* Services */ = {
			isa = PBXGroup;
			children = (
				59373AB529799911002D15F5 /* CoinServices.swift */,
				59373ABA297A0CD3002D15F5 /* CoinImageService.swift */,
			);
			path = Services;
			sourceTree = "<group>";
		};
		59373AB7297A0861002D15F5 /* CoinImage */ = {
			isa = PBXGroup;
			children = (
				59373AB8297A0874002D15F5 /* CoinImageView.swift */,
				596D5102297B980D00E4BB4A /* CoinImageViewModel.swift */,
			);
			path = CoinImage;
			sourceTree = "<group>";
		};
		596D50FF297ACFA400E4BB4A /* Utilities */ = {
			isa = PBXGroup;
			children = (
				596D5100297ACFC200E4BB4A /* NetworkingManager.swift */,
				596D5104297C2EAD00E4BB4A /* LocalFileManager.swift */,
			);
			path = Utilities;
			sourceTree = "<group>";
		};
		596D5106297C510200E4BB4A /* SearchBar */ = {
			isa = PBXGroup;
			children = (
				596D5107297C511300E4BB4A /* SearchBarView.swift */,
			);
			path = SearchBar;
			sourceTree = "<group>";
		};
/* End PBXGroup section */

/* Begin PBXNativeTarget section */
		59373A7529783077002D15F5 /* CryptoApp */ = {
			isa = PBXNativeTarget;
			buildConfigurationList = 59373A8429783078002D15F5 /* Build configuration list for PBXNativeTarget "CryptoApp" */;
			buildPhases = (
				59373A7229783077002D15F5 /* Sources */,
				59373A7329783077002D15F5 /* Frameworks */,
				59373A7429783077002D15F5 /* Resources */,
			);
			buildRules = (
			);
			dependencies = (
			);
			name = CryptoApp;
			productName = CryptoApp;
			productReference = 59373A7629783077002D15F5 /* CryptoApp.app */;
			productType = "com.apple.product-type.application";
		};
/* End PBXNativeTarget section */

/* Begin PBXProject section */
		59373A6E29783077002D15F5 /* Project object */ = {
			isa = PBXProject;
			attributes = {
				BuildIndependentTargetsInParallel = 1;
				LastSwiftUpdateCheck = 1420;
				LastUpgradeCheck = 1420;
				TargetAttributes = {
					59373A7529783077002D15F5 = {
						CreatedOnToolsVersion = 14.2;
					};
				};
			};
			buildConfigurationList = 59373A7129783077002D15F5 /* Build configuration list for PBXProject "CryptoApp" */;
			compatibilityVersion = "Xcode 14.0";
			developmentRegion = en;
			hasScannedForEncodings = 0;
			knownRegions = (
				en,
				Base,
			);
			mainGroup = 59373A6D29783077002D15F5;
			productRefGroup = 59373A7729783077002D15F5 /* Products */;
			projectDirPath = "";
			projectRoot = "";
			targets = (
				59373A7529783077002D15F5 /* CryptoApp */,
			);
		};
/* End PBXProject section */

/* Begin PBXResourcesBuildPhase section */
		59373A7429783077002D15F5 /* Resources */ = {
			isa = PBXResourcesBuildPhase;
			buildActionMask = 2147483647;
			files = (
				59373A8129783078002D15F5 /* Preview Assets.xcassets in Resources */,
				59373A882978323B002D15F5 /* Assets.xcassets in Resources */,
			);
			runOnlyForDeploymentPostprocessing = 0;
		};
/* End PBXResourcesBuildPhase section */

/* Begin PBXSourcesBuildPhase section */
		59373A7229783077002D15F5 /* Sources */ = {
			isa = PBXSourcesBuildPhase;
			buildActionMask = 2147483647;
			files = (
				596D5108297C511300E4BB4A /* SearchBarView.swift in Sources */,
				596D5101297ACFC200E4BB4A /* NetworkingManager.swift in Sources */,
				59373AA729784B91002D15F5 /* CoinRowView.swift in Sources */,
				59373A7C29783077002D15F5 /* ContentView.swift in Sources */,
				59373A9329783628002D15F5 /* HomeView.swift in Sources */,
				59373A7A29783077002D15F5 /* CryptoAppApp.swift in Sources */,
				59373AB029797737002D15F5 /* CoinElements.swift in Sources */,
				596D5105297C2EAD00E4BB4A /* LocalFileManager.swift in Sources */,
				59373A9929783859002D15F5 /* CircleButtonView.swift in Sources */,
				59373AA3297846A6002D15F5 /* CoinModel.swift in Sources */,
				59373A9E297841BA002D15F5 /* HomeHeader.swift in Sources */,
				596D5103297B980D00E4BB4A /* CoinImageViewModel.swift in Sources */,
				59373AB229797DC7002D15F5 /* HomeViewModel.swift in Sources */,
				59373A8B29783287002D15F5 /* Color.swift in Sources */,
				59373AB629799911002D15F5 /* CoinServices.swift in Sources */,
				59373AB9297A0874002D15F5 /* CoinImageView.swift in Sources */,
				596D510A297C5DB400E4BB4A /* UIApllication.swift in Sources */,
				59373A9B29783D80002D15F5 /* CircleButtonAnimationView.swift in Sources */,
				59373AAD29785202002D15F5 /* Double.swift in Sources */,
				59373ABB297A0CD3002D15F5 /* CoinImageService.swift in Sources */,
				59373AA929784BF8002D15F5 /* PreviewProvider.swift in Sources */,
			);
			runOnlyForDeploymentPostprocessing = 0;
		};
/* End PBXSourcesBuildPhase section */

/* Begin XCBuildConfiguration section */
		59373A8229783078002D15F5 /* Debug */ = {
			isa = XCBuildConfiguration;
			buildSettings = {
				ALWAYS_SEARCH_USER_PATHS = NO;
				CLANG_ANALYZER_NONNULL = YES;
				CLANG_ANALYZER_NUMBER_OBJECT_CONVERSION = YES_AGGRESSIVE;
				CLANG_CXX_LANGUAGE_STANDARD = "gnu++20";
				CLANG_ENABLE_MODULES = YES;
				CLANG_ENABLE_OBJC_ARC = YES;
				CLANG_ENABLE_OBJC_WEAK = YES;
				CLANG_WARN_BLOCK_CAPTURE_AUTORELEASING = YES;
				CLANG_WARN_BOOL_CONVERSION = YES;
				CLANG_WARN_COMMA = YES;
				CLANG_WARN_CONSTANT_CONVERSION = YES;
				CLANG_WARN_DEPRECATED_OBJC_IMPLEMENTATIONS = YES;
				CLANG_WARN_DIRECT_OBJC_ISA_USAGE = YES_ERROR;
				CLANG_WARN_DOCUMENTATION_COMMENTS = YES;
				CLANG_WARN_EMPTY_BODY = YES;
				CLANG_WARN_ENUM_CONVERSION = YES;
				CLANG_WARN_INFINITE_RECURSION = YES;
				CLANG_WARN_INT_CONVERSION = YES;
				CLANG_WARN_NON_LITERAL_NULL_CONVERSION = YES;
				CLANG_WARN_OBJC_IMPLICIT_RETAIN_SELF = YES;
				CLANG_WARN_OBJC_LITERAL_CONVERSION = YES;
				CLANG_WARN_OBJC_ROOT_CLASS = YES_ERROR;
				CLANG_WARN_QUOTED_INCLUDE_IN_FRAMEWORK_HEADER = YES;
				CLANG_WARN_RANGE_LOOP_ANALYSIS = YES;
				CLANG_WARN_STRICT_PROTOTYPES = YES;
				CLANG_WARN_SUSPICIOUS_MOVE = YES;
				CLANG_WARN_UNGUARDED_AVAILABILITY = YES_AGGRESSIVE;
				CLANG_WARN_UNREACHABLE_CODE = YES;
				CLANG_WARN__DUPLICATE_METHOD_MATCH = YES;
				COPY_PHASE_STRIP = NO;
				DEBUG_INFORMATION_FORMAT = dwarf;
				ENABLE_STRICT_OBJC_MSGSEND = YES;
				ENABLE_TESTABILITY = YES;
				GCC_C_LANGUAGE_STANDARD = gnu11;
				GCC_DYNAMIC_NO_PIC = NO;
				GCC_NO_COMMON_BLOCKS = YES;
				GCC_OPTIMIZATION_LEVEL = 0;
				GCC_PREPROCESSOR_DEFINITIONS = (
					"DEBUG=1",
					"$(inherited)",
				);
				GCC_WARN_64_TO_32_BIT_CONVERSION = YES;
				GCC_WARN_ABOUT_RETURN_TYPE = YES_ERROR;
				GCC_WARN_UNDECLARED_SELECTOR = YES;
				GCC_WARN_UNINITIALIZED_AUTOS = YES_AGGRESSIVE;
				GCC_WARN_UNUSED_FUNCTION = YES;
				GCC_WARN_UNUSED_VARIABLE = YES;
				IPHONEOS_DEPLOYMENT_TARGET = 16.2;
				MTL_ENABLE_DEBUG_INFO = INCLUDE_SOURCE;
				MTL_FAST_MATH = YES;
				ONLY_ACTIVE_ARCH = YES;
				SDKROOT = iphoneos;
				SWIFT_ACTIVE_COMPILATION_CONDITIONS = DEBUG;
				SWIFT_OPTIMIZATION_LEVEL = "-Onone";
			};
			name = Debug;
		};
		59373A8329783078002D15F5 /* Release */ = {
			isa = XCBuildConfiguration;
			buildSettings = {
				ALWAYS_SEARCH_USER_PATHS = NO;
				CLANG_ANALYZER_NONNULL = YES;
				CLANG_ANALYZER_NUMBER_OBJECT_CONVERSION = YES_AGGRESSIVE;
				CLANG_CXX_LANGUAGE_STANDARD = "gnu++20";
				CLANG_ENABLE_MODULES = YES;
				CLANG_ENABLE_OBJC_ARC = YES;
				CLANG_ENABLE_OBJC_WEAK = YES;
				CLANG_WARN_BLOCK_CAPTURE_AUTORELEASING = YES;
				CLANG_WARN_BOOL_CONVERSION = YES;
				CLANG_WARN_COMMA = YES;
				CLANG_WARN_CONSTANT_CONVERSION = YES;
				CLANG_WARN_DEPRECATED_OBJC_IMPLEMENTATIONS = YES;
				CLANG_WARN_DIRECT_OBJC_ISA_USAGE = YES_ERROR;
				CLANG_WARN_DOCUMENTATION_COMMENTS = YES;
				CLANG_WARN_EMPTY_BODY = YES;
				CLANG_WARN_ENUM_CONVERSION = YES;
				CLANG_WARN_INFINITE_RECURSION = YES;
				CLANG_WARN_INT_CONVERSION = YES;
				CLANG_WARN_NON_LITERAL_NULL_CONVERSION = YES;
				CLANG_WARN_OBJC_IMPLICIT_RETAIN_SELF = YES;
				CLANG_WARN_OBJC_LITERAL_CONVERSION = YES;
				CLANG_WARN_OBJC_ROOT_CLASS = YES_ERROR;
				CLANG_WARN_QUOTED_INCLUDE_IN_FRAMEWORK_HEADER = YES;
				CLANG_WARN_RANGE_LOOP_ANALYSIS = YES;
				CLANG_WARN_STRICT_PROTOTYPES = YES;
				CLANG_WARN_SUSPICIOUS_MOVE = YES;
				CLANG_WARN_UNGUARDED_AVAILABILITY = YES_AGGRESSIVE;
				CLANG_WARN_UNREACHABLE_CODE = YES;
				CLANG_WARN__DUPLICATE_METHOD_MATCH = YES;
				COPY_PHASE_STRIP = NO;
				DEBUG_INFORMATION_FORMAT = "dwarf-with-dsym";
				ENABLE_NS_ASSERTIONS = NO;
				ENABLE_STRICT_OBJC_MSGSEND = YES;
				GCC_C_LANGUAGE_STANDARD = gnu11;
				GCC_NO_COMMON_BLOCKS = YES;
				GCC_WARN_64_TO_32_BIT_CONVERSION = YES;
				GCC_WARN_ABOUT_RETURN_TYPE = YES_ERROR;
				GCC_WARN_UNDECLARED_SELECTOR = YES;
				GCC_WARN_UNINITIALIZED_AUTOS = YES_AGGRESSIVE;
				GCC_WARN_UNUSED_FUNCTION = YES;
				GCC_WARN_UNUSED_VARIABLE = YES;
				IPHONEOS_DEPLOYMENT_TARGET = 16.2;
				MTL_ENABLE_DEBUG_INFO = NO;
				MTL_FAST_MATH = YES;
				SDKROOT = iphoneos;
				SWIFT_COMPILATION_MODE = wholemodule;
				SWIFT_OPTIMIZATION_LEVEL = "-O";
				VALIDATE_PRODUCT = YES;
			};
			name = Release;
		};
		59373A8529783078002D15F5 /* Debug */ = {
			isa = XCBuildConfiguration;
			buildSettings = {
				ASSETCATALOG_COMPILER_APPICON_NAME = AppIcon;
				ASSETCATALOG_COMPILER_GLOBAL_ACCENT_COLOR_NAME = AccentColor;
				CODE_SIGN_STYLE = Automatic;
				CURRENT_PROJECT_VERSION = 1;
				DEVELOPMENT_ASSET_PATHS = "\"CryptoApp/Preview Content\"";
				DEVELOPMENT_TEAM = Y7R57SMNK7;
				ENABLE_PREVIEWS = YES;
				GENERATE_INFOPLIST_FILE = YES;
				INFOPLIST_KEY_UIApplicationSceneManifest_Generation = YES;
				INFOPLIST_KEY_UIApplicationSupportsIndirectInputEvents = YES;
				INFOPLIST_KEY_UILaunchScreen_Generation = YES;
				INFOPLIST_KEY_UISupportedInterfaceOrientations_iPad = "UIInterfaceOrientationPortrait UIInterfaceOrientationPortraitUpsideDown UIInterfaceOrientationLandscapeLeft UIInterfaceOrientationLandscapeRight";
				INFOPLIST_KEY_UISupportedInterfaceOrientations_iPhone = "UIInterfaceOrientationPortrait UIInterfaceOrientationLandscapeLeft UIInterfaceOrientationLandscapeRight";
				LD_RUNPATH_SEARCH_PATHS = (
					"$(inherited)",
					"@executable_path/Frameworks",
				);
				MARKETING_VERSION = 1.0;
				PRODUCT_BUNDLE_IDENTIFIER = com.CryptoApp;
				PRODUCT_NAME = "$(TARGET_NAME)";
				SWIFT_EMIT_LOC_STRINGS = YES;
				SWIFT_VERSION = 5.0;
				TARGETED_DEVICE_FAMILY = "1,2";
			};
			name = Debug;
		};
		59373A8629783078002D15F5 /* Release */ = {
			isa = XCBuildConfiguration;
			buildSettings = {
				ASSETCATALOG_COMPILER_APPICON_NAME = AppIcon;
				ASSETCATALOG_COMPILER_GLOBAL_ACCENT_COLOR_NAME = AccentColor;
				CODE_SIGN_STYLE = Automatic;
				CURRENT_PROJECT_VERSION = 1;
				DEVELOPMENT_ASSET_PATHS = "\"CryptoApp/Preview Content\"";
				DEVELOPMENT_TEAM = Y7R57SMNK7;
				ENABLE_PREVIEWS = YES;
				GENERATE_INFOPLIST_FILE = YES;
				INFOPLIST_KEY_UIApplicationSceneManifest_Generation = YES;
				INFOPLIST_KEY_UIApplicationSupportsIndirectInputEvents = YES;
				INFOPLIST_KEY_UILaunchScreen_Generation = YES;
				INFOPLIST_KEY_UISupportedInterfaceOrientations_iPad = "UIInterfaceOrientationPortrait UIInterfaceOrientationPortraitUpsideDown UIInterfaceOrientationLandscapeLeft UIInterfaceOrientationLandscapeRight";
				INFOPLIST_KEY_UISupportedInterfaceOrientations_iPhone = "UIInterfaceOrientationPortrait UIInterfaceOrientationLandscapeLeft UIInterfaceOrientationLandscapeRight";
				LD_RUNPATH_SEARCH_PATHS = (
					"$(inherited)",
					"@executable_path/Frameworks",
				);
				MARKETING_VERSION = 1.0;
				PRODUCT_BUNDLE_IDENTIFIER = com.CryptoApp;
				PRODUCT_NAME = "$(TARGET_NAME)";
				SWIFT_EMIT_LOC_STRINGS = YES;
				SWIFT_VERSION = 5.0;
				TARGETED_DEVICE_FAMILY = "1,2";
			};
			name = Release;
		};
/* End XCBuildConfiguration section */

/* Begin XCConfigurationList section */
		59373A7129783077002D15F5 /* Build configuration list for PBXProject "CryptoApp" */ = {
			isa = XCConfigurationList;
			buildConfigurations = (
				59373A8229783078002D15F5 /* Debug */,
				59373A8329783078002D15F5 /* Release */,
			);
			defaultConfigurationIsVisible = 0;
			defaultConfigurationName = Release;
		};
		59373A8429783078002D15F5 /* Build configuration list for PBXNativeTarget "CryptoApp" */ = {
			isa = XCConfigurationList;
			buildConfigurations = (
				59373A8529783078002D15F5 /* Debug */,
				59373A8629783078002D15F5 /* Release */,
			);
			defaultConfigurationIsVisible = 0;
			defaultConfigurationName = Release;
		};
/* End XCConfigurationList section */
	};
	rootObject = 59373A6E29783077002D15F5 /* Project object */;
}
